// !$*UTF8*$!
{
	archiveVersion = 1;
	classes = {
	};
	objectVersion = 50;
	objects = {

/* Begin PBXBuildFile section */
		DBA7C38823E68522004DC0EF /* AppDelegate.swift in Sources */ = {isa = PBXBuildFile; fileRef = DBA7C38723E68522004DC0EF /* AppDelegate.swift */; };
		DBA7C38A23E68522004DC0EF /* SceneDelegate.swift in Sources */ = {isa = PBXBuildFile; fileRef = DBA7C38923E68522004DC0EF /* SceneDelegate.swift */; };
		DBA7C38C23E68522004DC0EF /* ViewController.swift in Sources */ = {isa = PBXBuildFile; fileRef = DBA7C38B23E68522004DC0EF /* ViewController.swift */; };
		DBA7C38F23E68522004DC0EF /* Main.storyboard in Resources */ = {isa = PBXBuildFile; fileRef = DBA7C38D23E68522004DC0EF /* Main.storyboard */; };
		DBA7C39123E68523004DC0EF /* Assets.xcassets in Resources */ = {isa = PBXBuildFile; fileRef = DBA7C39023E68523004DC0EF /* Assets.xcassets */; };
		DBA7C39423E68523004DC0EF /* LaunchScreen.storyboard in Resources */ = {isa = PBXBuildFile; fileRef = DBA7C39223E68523004DC0EF /* LaunchScreen.storyboard */; };
/* End PBXBuildFile section */

/* Begin PBXFileReference section */
		DBA7C38423E68522004DC0EF /* UserAuthApple-Sample.app */ = {isa = PBXFileReference; explicitFileType = wrapper.application; includeInIndex = 0; path = "UserAuthApple-Sample.app"; sourceTree = BUILT_PRODUCTS_DIR; };
		DBA7C38723E68522004DC0EF /* AppDelegate.swift */ = {isa = PBXFileReference; lastKnownFileType = sourcecode.swift; path = AppDelegate.swift; sourceTree = "<group>"; };
		DBA7C38923E68522004DC0EF /* SceneDelegate.swift */ = {isa = PBXFileReference; lastKnownFileType = sourcecode.swift; path = SceneDelegate.swift; sourceTree = "<group>"; };
		DBA7C38B23E68522004DC0EF /* ViewController.swift */ = {isa = PBXFileReference; lastKnownFileType = sourcecode.swift; path = ViewController.swift; sourceTree = "<group>"; };
		DBA7C38E23E68522004DC0EF /* Base */ = {isa = PBXFileReference; lastKnownFileType = file.storyboard; name = Base; path = Base.lproj/Main.storyboard; sourceTree = "<group>"; };
		DBA7C39023E68523004DC0EF /* Assets.xcassets */ = {isa = PBXFileReference; lastKnownFileType = folder.assetcatalog; path = Assets.xcassets; sourceTree = "<group>"; };
		DBA7C39323E68523004DC0EF /* Base */ = {isa = PBXFileReference; lastKnownFileType = file.storyboard; name = Base; path = Base.lproj/LaunchScreen.storyboard; sourceTree = "<group>"; };
		DBA7C39523E68523004DC0EF /* Info.plist */ = {isa = PBXFileReference; lastKnownFileType = text.plist.xml; path = Info.plist; sourceTree = "<group>"; };
		DBA7C39B23E68F73004DC0EF /* UserAuthApple-Sample.entitlements */ = {isa = PBXFileReference; lastKnownFileType = text.plist.entitlements; path = "UserAuthApple-Sample.entitlements"; sourceTree = "<group>"; };
/* End PBXFileReference section */

/* Begin PBXFrameworksBuildPhase section */
		DBA7C38123E68522004DC0EF /* Frameworks */ = {
			isa = PBXFrameworksBuildPhase;
			buildActionMask = 2147483647;
			files = (
			);
			runOnlyForDeploymentPostprocessing = 0;
		};
/* End PBXFrameworksBuildPhase section */

/* Begin PBXGroup section */
		DBA7C37B23E68522004DC0EF = {
			isa = PBXGroup;
			children = (
				DBA7C38623E68522004DC0EF /* UserAuthApple-Sample */,
				DBA7C38523E68522004DC0EF /* Products */,
			);
			sourceTree = "<group>";
		};
		DBA7C38523E68522004DC0EF /* Products */ = {
			isa = PBXGroup;
			children = (
				DBA7C38423E68522004DC0EF /* UserAuthApple-Sample.app */,
			);
			name = Products;
			sourceTree = "<group>";
		};
		DBA7C38623E68522004DC0EF /* UserAuthApple-Sample */ = {
			isa = PBXGroup;
			children = (
				DBA7C39B23E68F73004DC0EF /* UserAuthApple-Sample.entitlements */,
				DBA7C38723E68522004DC0EF /* AppDelegate.swift */,
				DBA7C38923E68522004DC0EF /* SceneDelegate.swift */,
				DBA7C38B23E68522004DC0EF /* ViewController.swift */,
				DBA7C38D23E68522004DC0EF /* Main.storyboard */,
				DBA7C39023E68523004DC0EF /* Assets.xcassets */,
				DBA7C39223E68523004DC0EF /* LaunchScreen.storyboard */,
				DBA7C39523E68523004DC0EF /* Info.plist */,
			);
			path = "UserAuthApple-Sample";
			sourceTree = "<group>";
		};
/* End PBXGroup section */

/* Begin PBXNativeTarget section */
		DBA7C38323E68522004DC0EF /* UserAuthApple-Sample */ = {
			isa = PBXNativeTarget;
			buildConfigurationList = DBA7C39823E68523004DC0EF /* Build configuration list for PBXNativeTarget "UserAuthApple-Sample" */;
			buildPhases = (
				DBA7C38023E68522004DC0EF /* Sources */,
				DBA7C38123E68522004DC0EF /* Frameworks */,
				DBA7C38223E68522004DC0EF /* Resources */,
			);
			buildRules = (
			);
			dependencies = (
			);
			name = "UserAuthApple-Sample";
			productName = "UserAuthApple-Sample";
			productReference = DBA7C38423E68522004DC0EF /* UserAuthApple-Sample.app */;
			productType = "com.apple.product-type.application";
		};
/* End PBXNativeTarget section */

/* Begin PBXProject section */
		DBA7C37C23E68522004DC0EF /* Project object */ = {
			isa = PBXProject;
			attributes = {
				LastSwiftUpdateCheck = 1130;
				LastUpgradeCheck = 1130;
				ORGANIZATIONNAME = "Vladyslav Vcherashnii";
				TargetAttributes = {
					DBA7C38323E68522004DC0EF = {
						CreatedOnToolsVersion = 11.3.1;
					};
				};
			};
			buildConfigurationList = DBA7C37F23E68522004DC0EF /* Build configuration list for PBXProject "UserAuthApple-Sample" */;
			compatibilityVersion = "Xcode 9.3";
			developmentRegion = en;
			hasScannedForEncodings = 0;
			knownRegions = (
				en,
				Base,
			);
			mainGroup = DBA7C37B23E68522004DC0EF;
			productRefGroup = DBA7C38523E68522004DC0EF /* Products */;
			projectDirPath = "";
			projectRoot = "";
			targets = (
				DBA7C38323E68522004DC0EF /* UserAuthApple-Sample */,
			);
		};
/* End PBXProject section */

/* Begin PBXResourcesBuildPhase section */
		DBA7C38223E68522004DC0EF /* Resources */ = {
			isa = PBXResourcesBuildPhase;
			buildActionMask = 2147483647;
			files = (
				DBA7C39423E68523004DC0EF /* LaunchScreen.storyboard in Resources */,
				DBA7C39123E68523004DC0EF /* Assets.xcassets in Resources */,
				DBA7C38F23E68522004DC0EF /* Main.storyboard in Resources */,
			);
			runOnlyForDeploymentPostprocessing = 0;
		};
/* End PBXResourcesBuildPhase section */

/* Begin PBXSourcesBuildPhase section */
		DBA7C38023E68522004DC0EF /* Sources */ = {
			isa = PBXSourcesBuildPhase;
			buildActionMask = 2147483647;
			files = (
				DBA7C38C23E68522004DC0EF /* ViewController.swift in Sources */,
				DBA7C38823E68522004DC0EF /* AppDelegate.swift in Sources */,
				DBA7C38A23E68522004DC0EF /* SceneDelegate.swift in Sources */,
			);
			runOnlyForDeploymentPostprocessing = 0;
		};
/* End PBXSourcesBuildPhase section */

/* Begin PBXVariantGroup section */
		DBA7C38D23E68522004DC0EF /* Main.storyboard */ = {
			isa = PBXVariantGroup;
			children = (
				DBA7C38E23E68522004DC0EF /* Base */,
			);
			name = Main.storyboard;
			sourceTree = "<group>";
		};
		DBA7C39223E68523004DC0EF /* LaunchScreen.storyboard */ = {
			isa = PBXVariantGroup;
			children = (
				DBA7C39323E68523004DC0EF /* Base */,
			);
			name = LaunchScreen.storyboard;
			sourceTree = "<group>";
		};
/* End PBXVariantGroup section */

/* Begin XCBuildConfiguration section */
		DBA7C39623E68523004DC0EF /* Debug */ = {
			isa = XCBuildConfiguration;
			buildSettings = {
				ALWAYS_SEARCH_USER_PATHS = NO;
				CLANG_ANALYZER_NONNULL = YES;
				CLANG_ANALYZER_NUMBER_OBJECT_CONVERSION = YES_AGGRESSIVE;
				CLANG_CXX_LANGUAGE_STANDARD = "gnu++14";
				CLANG_CXX_LIBRARY = "libc++";
				CLANG_ENABLE_MODULES = YES;
				CLANG_ENABLE_OBJC_ARC = YES;
				CLANG_ENABLE_OBJC_WEAK = YES;
				CLANG_WARN_BLOCK_CAPTURE_AUTORELEASING = YES;
				CLANG_WARN_BOOL_CONVERSION = YES;
				CLANG_WARN_COMMA = YES;
				CLANG_WARN_CONSTANT_CONVERSION = YES;
				CLANG_WARN_DEPRECATED_OBJC_IMPLEMENTATIONS = YES;
				CLANG_WARN_DIRECT_OBJC_ISA_USAGE = YES_ERROR;
				CLANG_WARN_DOCUMENTATION_COMMENTS = YES;
				CLANG_WARN_EMPTY_BODY = YES;
				CLANG_WARN_ENUM_CONVERSION = YES;
				CLANG_WARN_INFINITE_RECURSION = YES;
				CLANG_WARN_INT_CONVERSION = YES;
				CLANG_WARN_NON_LITERAL_NULL_CONVERSION = YES;
				CLANG_WARN_OBJC_IMPLICIT_RETAIN_SELF = YES;
				CLANG_WARN_OBJC_LITERAL_CONVERSION = YES;
				CLANG_WARN_OBJC_ROOT_CLASS = YES_ERROR;
				CLANG_WARN_RANGE_LOOP_ANALYSIS = YES;
				CLANG_WARN_STRICT_PROTOTYPES = YES;
				CLANG_WARN_SUSPICIOUS_MOVE = YES;
				CLANG_WARN_UNGUARDED_AVAILABILITY = YES_AGGRESSIVE;
				CLANG_WARN_UNREACHABLE_CODE = YES;
				CLANG_WARN__DUPLICATE_METHOD_MATCH = YES;
				COPY_PHASE_STRIP = NO;
				DEBUG_INFORMATION_FORMAT = dwarf;
				ENABLE_STRICT_OBJC_MSGSEND = YES;
				ENABLE_TESTABILITY = YES;
				GCC_C_LANGUAGE_STANDARD = gnu11;
				GCC_DYNAMIC_NO_PIC = NO;
				GCC_NO_COMMON_BLOCKS = YES;
				GCC_OPTIMIZATION_LEVEL = 0;
				GCC_PREPROCESSOR_DEFINITIONS = (
					"DEBUG=1",
					"$(inherited)",
				);
				GCC_WARN_64_TO_32_BIT_CONVERSION = YES;
				GCC_WARN_ABOUT_RETURN_TYPE = YES_ERROR;
				GCC_WARN_UNDECLARED_SELECTOR = YES;
				GCC_WARN_UNINITIALIZED_AUTOS = YES_AGGRESSIVE;
				GCC_WARN_UNUSED_FUNCTION = YES;
				GCC_WARN_UNUSED_VARIABLE = YES;
				IPHONEOS_DEPLOYMENT_TARGET = 13.2;
				MTL_ENABLE_DEBUG_INFO = INCLUDE_SOURCE;
				MTL_FAST_MATH = YES;
				ONLY_ACTIVE_ARCH = YES;
				SDKROOT = iphoneos;
				SWIFT_ACTIVE_COMPILATION_CONDITIONS = DEBUG;
				SWIFT_OPTIMIZATION_LEVEL = "-Onone";
			};
			name = Debug;
		};
		DBA7C39723E68523004DC0EF /* Release */ = {
			isa = XCBuildConfiguration;
			buildSettings = {
				ALWAYS_SEARCH_USER_PATHS = NO;
				CLANG_ANALYZER_NONNULL = YES;
				CLANG_ANALYZER_NUMBER_OBJECT_CONVERSION = YES_AGGRESSIVE;
				CLANG_CXX_LANGUAGE_STANDARD = "gnu++14";
				CLANG_CXX_LIBRARY = "libc++";
				CLANG_ENABLE_MODULES = YES;
				CLANG_ENABLE_OBJC_ARC = YES;
				CLANG_ENABLE_OBJC_WEAK = YES;
				CLANG_WARN_BLOCK_CAPTURE_AUTORELEASING = YES;
				CLANG_WARN_BOOL_CONVERSION = YES;
				CLANG_WARN_COMMA = YES;
				CLANG_WARN_CONSTANT_CONVERSION = YES;
				CLANG_WARN_DEPRECATED_OBJC_IMPLEMENTATIONS = YES;
				CLANG_WARN_DIRECT_OBJC_ISA_USAGE = YES_ERROR;
				CLANG_WARN_DOCUMENTATION_COMMENTS = YES;
				CLANG_WARN_EMPTY_BODY = YES;
				CLANG_WARN_ENUM_CONVERSION = YES;
				CLANG_WARN_INFINITE_RECURSION = YES;
				CLANG_WARN_INT_CONVERSION = YES;
				CLANG_WARN_NON_LITERAL_NULL_CONVERSION = YES;
				CLANG_WARN_OBJC_IMPLICIT_RETAIN_SELF = YES;
				CLANG_WARN_OBJC_LITERAL_CONVERSION = YES;
				CLANG_WARN_OBJC_ROOT_CLASS = YES_ERROR;
				CLANG_WARN_RANGE_LOOP_ANALYSIS = YES;
				CLANG_WARN_STRICT_PROTOTYPES = YES;
				CLANG_WARN_SUSPICIOUS_MOVE = YES;
				CLANG_WARN_UNGUARDED_AVAILABILITY = YES_AGGRESSIVE;
				CLANG_WARN_UNREACHABLE_CODE = YES;
				CLANG_WARN__DUPLICATE_METHOD_MATCH = YES;
				COPY_PHASE_STRIP = NO;
				DEBUG_INFORMATION_FORMAT = "dwarf-with-dsym";
				ENABLE_NS_ASSERTIONS = NO;
				ENABLE_STRICT_OBJC_MSGSEND = YES;
				GCC_C_LANGUAGE_STANDARD = gnu11;
				GCC_NO_COMMON_BLOCKS = YES;
				GCC_WARN_64_TO_32_BIT_CONVERSION = YES;
				GCC_WARN_ABOUT_RETURN_TYPE = YES_ERROR;
				GCC_WARN_UNDECLARED_SELECTOR = YES;
				GCC_WARN_UNINITIALIZED_AUTOS = YES_AGGRESSIVE;
				GCC_WARN_UNUSED_FUNCTION = YES;
				GCC_WARN_UNUSED_VARIABLE = YES;
				IPHONEOS_DEPLOYMENT_TARGET = 13.2;
				MTL_ENABLE_DEBUG_INFO = NO;
				MTL_FAST_MATH = YES;
				SDKROOT = iphoneos;
				SWIFT_COMPILATION_MODE = wholemodule;
				SWIFT_OPTIMIZATION_LEVEL = "-O";
				VALIDATE_PRODUCT = YES;
			};
			name = Release;
		};
		DBA7C39923E68523004DC0EF /* Debug */ = {
			isa = XCBuildConfiguration;
			buildSettings = {
				ASSETCATALOG_COMPILER_APPICON_NAME = AppIcon;
				CODE_SIGN_ENTITLEMENTS = "UserAuthApple-Sample/UserAuthApple-Sample.entitlements";
				CODE_SIGN_STYLE = Automatic;
				DEVELOPMENT_TEAM = "";
				INFOPLIST_FILE = "UserAuthApple-Sample/Info.plist";
				LD_RUNPATH_SEARCH_PATHS = (
					"$(inherited)",
					"@executable_path/Frameworks",
				);
				PRODUCT_BUNDLE_IDENTIFIER = "VV.UserAuthApple-Sample2";
				PRODUCT_NAME = "$(TARGET_NAME)";
				SWIFT_VERSION = 5.0;
				TARGETED_DEVICE_FAMILY = "1,2";
			};
			name = Debug;
		};
		DBA7C39A23E68523004DC0EF /* Release */ = {
			isa = XCBuildConfiguration;
			buildSettings = {
				ASSETCATALOG_COMPILER_APPICON_NAME = AppIcon;
				CODE_SIGN_ENTITLEMENTS = "UserAuthApple-Sample/UserAuthApple-Sample.entitlements";
				CODE_SIGN_STYLE = Automatic;
				DEVELOPMENT_TEAM = XF3X8ZLLXA;
				INFOPLIST_FILE = "UserAuthApple-Sample/Info.plist";
				LD_RUNPATH_SEARCH_PATHS = (
					"$(inherited)",
					"@executable_path/Frameworks",
				);
				PRODUCT_BUNDLE_IDENTIFIER = "VV.UserAuthApple-Sample2";
				PRODUCT_NAME = "$(TARGET_NAME)";
				SWIFT_VERSION = 5.0;
				TARGETED_DEVICE_FAMILY = "1,2";
			};
			name = Release;
		};
/* End XCBuildConfiguration section */

/* Begin XCConfigurationList section */
		DBA7C37F23E68522004DC0EF /* Build configuration list for PBXProject "UserAuthApple-Sample" */ = {
			isa = XCConfigurationList;
			buildConfigurations = (
				DBA7C39623E68523004DC0EF /* Debug */,
				DBA7C39723E68523004DC0EF /* Release */,
			);
			defaultConfigurationIsVisible = 0;
			defaultConfigurationName = Release;
		};
		DBA7C39823E68523004DC0EF /* Build configuration list for PBXNativeTarget "UserAuthApple-Sample" */ = {
			isa = XCConfigurationList;
			buildConfigurations = (
				DBA7C39923E68523004DC0EF /* Debug */,
				DBA7C39A23E68523004DC0EF /* Release */,
			);
			defaultConfigurationIsVisible = 0;
			defaultConfigurationName = Release;
		};
/* End XCConfigurationList section */
	};
	rootObject = DBA7C37C23E68522004DC0EF /* Project object */;
}
